
Microsoft Visual Studio Solution File, Format Version 12.00
# Visual Studio Version 16
VisualStudioVersion = 16.0.30320.27
MinimumVisualStudioVersion = 10.0.40219.1
Project("{FAE04EC0-301F-11D3-BF4B-00C04F79EFBC}") = "Disk_Scheduling", "Disk_Scheduling\Disk_Scheduling.csproj", "{49ED097B-29C7-43DB-8056-76C65B0FEEDA}"
EndProject
Global
	GlobalSection(SolutionConfigurationPlatforms) = preSolution
		Debug|Any CPU = Debug|Any CPU
		Release|Any CPU = Release|Any CPU
	EndGlobalSection
	GlobalSection(ProjectConfigurationPlatforms) = postSolution
		{49ED097B-29C7-43DB-8056-76C65B0FEEDA}.Debug|Any CPU.ActiveCfg = Debug|Any CPU
		{49ED097B-29C7-43DB-8056-76C65B0FEEDA}.Debug|Any CPU.Build.0 = Debug|Any CPU
		{49ED097B-29C7-43DB-8056-76C65B0FEEDA}.Release|Any CPU.ActiveCfg = Release|Any CPU
		{49ED097B-29C7-43DB-8056-76C65B0FEEDA}.Release|Any CPU.Build.0 = Release|Any CPU
	EndGlobalSection
	GlobalSection(SolutionProperties) = preSolution
		HideSolutionNode = FALSE
	EndGlobalSection
	GlobalSection(ExtensibilityGlobals) = postSolution
		SolutionGuid = {2A5712D5-348F-42F3-8D72-0AF0524E8048}
	EndGlobalSection
EndGlobal
